{
  "nodes": {
    "flake-utils": {
      "locked": {
        "lastModified": 1623875721,
        "narHash": "sha256-A8BU7bjS5GirpAUv4QA+QnJ4CceLHkcXdRp4xITDB0s=",
        "owner": "numtide",
        "repo": "flake-utils",
        "rev": "f7e004a55b120c02ecb6219596820fcd32ca8772",
        "type": "github"
      },
      "original": {
        "owner": "numtide",
        "repo": "flake-utils",
        "type": "github"
      }
    },
    "idris-emacs-src": {
      "flake": false,
      "locked": {
        "lastModified": 1624089035,
        "narHash": "sha256-PprIDqIdwvG8gXLrkz5P/LVzuuersjpYI3G2n042Yc4=",
        "owner": "redfish64",
        "repo": "idris2-mode",
        "rev": "cf4be6b26d723542393772ae208735431fe629cd",
        "type": "github"
      },
      "original": {
        "owner": "redfish64",
        "repo": "idris2-mode",
        "type": "github"
      }
    },
    "nixpkgs": {
      "locked": {
        "lastModified": 1624492865,
        "narHash": "sha256-y0sgj+z1qdfdtd5gmYbdSK3zx1SsJnyM8gZqZVH2g5c=",
        "owner": "NixOS",
        "repo": "nixpkgs",
        "rev": "65db0350fe3962c41b8604046ec9166976f80793",
        "type": "github"
      },
      "original": {
        "id": "nixpkgs",
        "type": "indirect"
      }
    },
    "root": {
      "inputs": {
        "flake-utils": "flake-utils",
        "idris-emacs-src": "idris-emacs-src",
        "nixpkgs": "nixpkgs"
      }
    }
  },
  "root": "root",
  "version": 7
}
